
Microsoft Visual Studio Solution File, Format Version 12.00
# Visual Studio 15
VisualStudioVersion = 15.0.27428.2005
MinimumVisualStudioVersion = 10.0.40219.1
Project("{FAE04EC0-301F-11D3-BF4B-00C04F79EFBC}") = "TowerDefense1", "TowerDefense1\TowerDefense1.csproj", "{006033C3-098B-4212-9F90-94C3841E9E4B}"
EndProject
Project("{FAE04EC0-301F-11D3-BF4B-00C04F79EFBC}") = "TowerDefense1Logic", "TowerDefense1Logic\TowerDefense1Logic.csproj", "{63624341-B41F-4492-AB91-1C549B4E8ECD}"
EndProject
Global
	GlobalSection(SolutionConfigurationPlatforms) = preSolution
		Debug|Any CPU = Debug|Any CPU
		Release|Any CPU = Release|Any CPU
	EndGlobalSection
	GlobalSection(ProjectConfigurationPlatforms) = postSolution
		{006033C3-098B-4212-9F90-94C3841E9E4B}.Debug|Any CPU.ActiveCfg = Debug|Any CPU
		{006033C3-098B-4212-9F90-94C3841E9E4B}.Debug|Any CPU.Build.0 = Debug|Any CPU
		{006033C3-098B-4212-9F90-94C3841E9E4B}.Release|Any CPU.ActiveCfg = Release|Any CPU
		{006033C3-098B-4212-9F90-94C3841E9E4B}.Release|Any CPU.Build.0 = Release|Any CPU
		{63624341-B41F-4492-AB91-1C549B4E8ECD}.Debug|Any CPU.ActiveCfg = Debug|Any CPU
		{63624341-B41F-4492-AB91-1C549B4E8ECD}.Debug|Any CPU.Build.0 = Debug|Any CPU
		{63624341-B41F-4492-AB91-1C549B4E8ECD}.Release|Any CPU.ActiveCfg = Release|Any CPU
		{63624341-B41F-4492-AB91-1C549B4E8ECD}.Release|Any CPU.Build.0 = Release|Any CPU
	EndGlobalSection
	GlobalSection(SolutionProperties) = preSolution
		HideSolutionNode = FALSE
	EndGlobalSection
	GlobalSection(ExtensibilityGlobals) = postSolution
		SolutionGuid = {F426AD3A-EDEC-4BD9-838B-1AC76F129E6B}
	EndGlobalSection
EndGlobal
